
Microsoft Visual Studio Solution File, Format Version 12.00
# Visual Studio Version 17
VisualStudioVersion = 17.5.002.0
MinimumVisualStudioVersion = 10.0.40219.1
Project("{9A19103F-16F7-4668-BE54-9A1E7A4F7556}") = "Calculator", "Calculator.csproj", "{129D1AEF-44F8-46EE-AEEA-F595525CE6AA}"
EndProject
Global
	GlobalSection(SolutionConfigurationPlatforms) = preSolution
		Debug|Any CPU = Debug|Any CPU
		Release|Any CPU = Release|Any CPU
	EndGlobalSection
	GlobalSection(ProjectConfigurationPlatforms) = postSolution
		{129D1AEF-44F8-46EE-AEEA-F595525CE6AA}.Debug|Any CPU.ActiveCfg = Debug|Any CPU
		{129D1AEF-44F8-46EE-AEEA-F595525CE6AA}.Debug|Any CPU.Build.0 = Debug|Any CPU
		{129D1AEF-44F8-46EE-AEEA-F595525CE6AA}.Release|Any CPU.ActiveCfg = Release|Any CPU
		{129D1AEF-44F8-46EE-AEEA-F595525CE6AA}.Release|Any CPU.Build.0 = Release|Any CPU
	EndGlobalSection
	GlobalSection(SolutionProperties) = preSolution
		HideSolutionNode = FALSE
	EndGlobalSection
	GlobalSection(ExtensibilityGlobals) = postSolution
		SolutionGuid = {140AB6F1-6611-4B1F-BDEC-D81FCF488033}
	EndGlobalSection
EndGlobal
